# @generated - this file is auto-generated by `mise lock` https://mise.jdx.dev/dev-tools/mise-lock.html

lockfile_version = 3

[[tools."gem:erb-formatter"]]
version = "0.7.3"
backend = "gem:erb-formatter"
specifiers = ["0.7.3"]

[[tools."gem:htmlbeautifier"]]
version = "1.4.3"
backend = "gem:htmlbeautifier"
specifiers = ["1.4.3"]

[[tools."gem:ripper-tags"]]
version = "1.0.2"
backend = "gem:ripper-tags"
specifiers = ["1.0.2"]

[[tools."gem:ruby-lsp"]]
version = "0.26.10"
backend = "gem:ruby-lsp"
specifiers = ["0.26.10"]

[[tools.node]]
version = "22.23.3"
backend = "core:node"
specifiers = ["22.23.3"]

[tools.node."platforms.linux-arm64"]
checksum = "sha256:5ced2d48d1d7198739b7f86804de0171aefb6823b684b12341d3321afc3cb0b2"
url = "https://nodejs.org/dist/v22.23.3/node-v22.23.3-linux-arm64.tar.gz"

[tools.node."platforms.linux-arm64-musl"]
checksum = "sha256:8cec03a498d883739d1dc9b924fda2f86944705b54ac707bf48a637483774c70"
url = "https://unofficial-builds.nodejs.org/download/release/v22.23.3/node-v22.23.3-linux-arm64-musl.tar.gz"

[tools.node."platforms.linux-x64"]
checksum = "sha256:1084aa36196bba4c3a5e69a1ee388a6e4ff729dad09445fbcd434b28fe3c24af"
url = "https://nodejs.org/dist/v22.23.3/node-v22.23.3-linux-x64.tar.gz"

[tools.node."platforms.linux-x64-musl"]
checksum = "sha256:5ea46894fc06e09363846d8ed65a822bd00bea35d974e41320272a48af309e3a"
url = "https://unofficial-builds.nodejs.org/download/release/v22.23.3/node-v22.23.3-linux-x64-musl.tar.gz"

[tools.node."platforms.macos-arm64"]
checksum = "sha256:23b25245dcfb9af7262f8ff142e9e2e0af025368117329e7a7458a51e5922f53"
url = "https://nodejs.org/dist/v22.23.3/node-v22.23.3-darwin-arm64.tar.gz"

[tools.node."platforms.macos-x64"]
checksum = "sha256:8a677b0219178efd6eb0e475457c4afb452b521a92f6e67845a73bd85727f2a8"
url = "https://nodejs.org/dist/v22.23.3/node-v22.23.3-darwin-x64.tar.gz"

[tools.node."platforms.windows-x64"]
checksum = "sha256:2b0ff57b049cda1bbcea2240eec20467018713c1efe1f7360c2681859b90ed71"
url = "https://nodejs.org/dist/v22.23.3/node-v22.23.3-win-x64.zip"

[[tools.python]]
version = "3.13.16"
backend = "core:python"
specifiers = ["3.13.16"]

[tools.python."platforms.linux-arm64"]
checksum = "sha256:6e9641400f8debd9b7924b27b5ff0662c372852382e291a76c450c7b67414cf6"
url = "https://github.com/astral-sh/python-build-standalone/releases/download/20261003/cpython-3.13.16+20261003-aarch64-unknown-linux-gnu-install_only_stripped.tar.gz"
provenance = "github-attestations"

[tools.python."platforms.linux-arm64-musl"]
checksum = "sha256:a96a3f88130cb0f26e9febb4a4b7bff974cc57c5517c6532eb885c84f9d47070"
url = "https://github.com/astral-sh/python-build-standalone/releases/download/20261003/cpython-3.13.16+20261003-aarch64-unknown-linux-musl-install_only_stripped.tar.gz"
provenance = "github-attestations"

[tools.python."platforms.linux-x64"]
checksum = "sha256:4595c5589fff7bf0cb158d9a88a797e0d791fa33830770fcb7bf3f4b104feeae"
url = "https://github.com/astral-sh/python-build-standalone/releases/download/20261003/cpython-3.13.16+20261003-x86_64-unknown-linux-gnu-install_only_stripped.tar.gz"
provenance = "github-attestations"

[tools.python."platforms.linux-x64-musl"]
checksum = "sha256:dbc1d63c450eb6028d52e3a5d0304bf0fd0e3e9ac16ca8326ff0c19d6005a4c2"
url = "https://github.com/astral-sh/python-build-standalone/releases/download/20261003/cpython-3.13.16+20261003-x86_64-unknown-linux-musl-install_only_stripped.tar.gz"
provenance = "github-attestations"

[tools.python."platforms.macos-arm64"]
checksum = "sha256:9e01f63bbb08576cd9c8bc2d0564d098cb30c8453a0cd4bcf6aef458f6d2a147"
url = "https://github.com/astral-sh/python-build-standalone/releases/download/20261003/cpython-3.13.16+20261003-aarch64-apple-darwin-install_only_stripped.tar.gz"
provenance = "github-attestations"

[tools.python."platforms.macos-x64"]
checksum = "sha256:b4dad38ba6a344555ccb71a1b08caad0a6c0dda88c5803658bc95bd7f04e9f5c"
url = "https://github.com/astral-sh/python-build-standalone/releases/download/20261003/cpython-3.13.16+20261003-x86_64-apple-darwin-install_only_stripped.tar.gz"
provenance = "github-attestations"

[tools.python."platforms.windows-x64"]
checksum = "sha256:ec43f1a85c29f147d7ae2d13218c52c70b24a983a82ab22d6c607c0593060e10"
url = "https://github.com/astral-sh/python-build-standalone/releases/download/20261003/cpython-3.13.16+20261003-x86_64-pc-windows-msvc-install_only_stripped.tar.gz"
provenance = "github-attestations"

[[tools.ruby]]
version = "3.3.12"
backend = "core:ruby"
specifiers = ["3.3.12"]

[tools.ruby.options]
compile = "false"
precompiled_url = "jdx/ruby"
ruby_build_repo = "https://github.com/rbenv/ruby-build.git"
ruby_install = "false"

[tools.ruby."platforms.linux-arm64"]
checksum = "sha256:72a3a9e092bae580f18be2b2d8e7f7224d9818b5f3505adc1de912b242865fc1"
url = "https://github.com/jdx/ruby/releases/download/3.3.12-2/ruby-3.3.12.arm64_linux.tar.gz"
provenance = "github-attestations"

[tools.ruby."platforms.linux-arm64-musl"]
checksum = "sha256:b06d63beae271933033e27f0a389bc582a009e7845357d44365c39de525a051b"
url = "https://cache.ruby-lang.org/pub/ruby/3.3/ruby-3.3.12.tar.gz"

[tools.ruby."platforms.linux-x64"]
checksum = "sha256:dc4eb9b3ec135c3eb7ccf049c9d61fa6599424319af90289f1e8abfc3dcc45bf"
url = "https://github.com/jdx/ruby/releases/download/3.3.12-2/ruby-3.3.12.x86_64_linux.tar.gz"
provenance = "github-attestations"

[tools.ruby."platforms.linux-x64-musl"]
checksum = "sha256:b06d63beae271933033e27f0a389bc582a009e7845357d44365c39de525a051b"
url = "https://cache.ruby-lang.org/pub/ruby/3.3/ruby-3.3.12.tar.gz"

[tools.ruby."platforms.macos-arm64"]
checksum = "sha256:753675928abff748a2061bd5a02fd827837d259ecdc45eead4d209a4179b2162"
url = "https://github.com/jdx/ruby/releases/download/3.3.12-2/ruby-3.3.12.macos.tar.gz"
provenance = "github-attestations"

[tools.ruby."platforms.macos-x64"]
checksum = "sha256:b06d63beae271933033e27f0a389bc582a009e7845357d44365c39de525a051b"
url = "https://cache.ruby-lang.org/pub/ruby/3.3/ruby-3.3.12.tar.gz"

[[tools.ruby]]
version = "3.3.12"
backend = "core:ruby"
specifiers = ["3.3.12"]

[tools.ruby."platforms.windows-x64"]
checksum = "sha256:f8d534a44e47e5b72abe557497763128b93e9356bd91397a3d7b9e0a11572943"
url = "https://github.com/oneclick/rubyinstaller2/releases/download/RubyInstaller-3.3.12-1/rubyinstaller-3.3.12-1-x64.7z"
